
Microsoft Visual Studio Solution File, Format Version 12.00
# Visual Studio Version 17
VisualStudioVersion = 17.4.33103.184
MinimumVisualStudioVersion = 10.0.40219.1
Project("{FAE04EC0-301F-11D3-BF4B-00C04F79EFBC}") = "the perfect number.11", "the perfect number.11\the perfect number.11.csproj", "{84491E41-6511-4CAA-B394-F7547A8626ED}"
EndProject
Global
	GlobalSection(SolutionConfigurationPlatforms) = preSolution
		Debug|Any CPU = Debug|Any CPU
		Release|Any CPU = Release|Any CPU
	EndGlobalSection
	GlobalSection(ProjectConfigurationPlatforms) = postSolution
		{84491E41-6511-4CAA-B394-F7547A8626ED}.Debug|Any CPU.ActiveCfg = Debug|Any CPU
		{84491E41-6511-4CAA-B394-F7547A8626ED}.Debug|Any CPU.Build.0 = Debug|Any CPU
		{84491E41-6511-4CAA-B394-F7547A8626ED}.Release|Any CPU.ActiveCfg = Release|Any CPU
		{84491E41-6511-4CAA-B394-F7547A8626ED}.Release|Any CPU.Build.0 = Release|Any CPU
	EndGlobalSection
	GlobalSection(SolutionProperties) = preSolution
		HideSolutionNode = FALSE
	EndGlobalSection
	GlobalSection(ExtensibilityGlobals) = postSolution
		SolutionGuid = {50C3F5C3-F117-4EE4-BB06-9AA88F3E4924}
	EndGlobalSection
EndGlobal
